{
  "name": "example",
  "version": "1.0.0",
  "lockfileVersion": 1,
  "requires": true,
  "dependencies": {
    "@getsedona/nuxt-admin-module": {
      "version": "file:..",
      "requires": {
        "ajv": "^6.10.2",
        "lodash": "^4.17.15",
        "nanoid": "^2.1.1",
        "quasar": "^1.1.2",
        "vuedraggable": "^2.23.0"
      }
    },
    "ajv": {
      "version": "6.10.2",
      "resolved": "https://registry.npmjs.org/ajv/-/ajv-6.10.2.tgz",
      "integrity": "sha512-TXtUUEYHuaTEbLZWIKUr5pmBuhDLy+8KYtPYdcV8qC+pOZL+NKqYwvWSRrVXHn+ZmRRAu8vJTAznH7Oag6RVRw==",
      "requires": {
        "fast-deep-equal": "^2.0.1",
        "fast-json-stable-stringify": "^2.0.0",
        "json-schema-traverse": "^0.4.1",
        "uri-js": "^4.2.2"
      }
    },
    "fast-deep-equal": {
      "version": "2.0.1",
      "resolved": "https://registry.npmjs.org/fast-deep-equal/-/fast-deep-equal-2.0.1.tgz",
      "integrity": "sha1-ewUhjd+WZ79/Nwv3/bLLFf3Qqkk="
    },
    "fast-json-stable-stringify": {
      "version": "2.0.0",
      "resolved": "https://registry.npmjs.org/fast-json-stable-stringify/-/fast-json-stable-stringify-2.0.0.tgz",
      "integrity": "sha1-1RQsDK7msRifh9OnYREGT4bIu/I="
    },
    "json-schema-traverse": {
      "version": "0.4.1",
      "resolved": "https://registry.npmjs.org/json-schema-traverse/-/json-schema-traverse-0.4.1.tgz",
      "integrity": "sha512-xbbCH5dCYU5T8LcEhhuh7HJ88HXuW3qsI3Y0zOZFKfZEHcpWiHU/Jxzk629Brsab/mMiHQti9wMP+845RPe3Vg=="
    },
    "lodash": {
      "version": "4.17.15",
      "resolved": "https://registry.npmjs.org/lodash/-/lodash-4.17.15.tgz",
      "integrity": "sha512-8xOcRHvCjnocdS5cpwXQXVzmmh5e5+saE2QGoeQmbKmRS6J3VQppPOIt0MnmE+4xlZoumy0GPG0D0MVIQbNA1A=="
    },
    "nanoid": {
      "version": "2.1.1",
      "resolved": "https://registry.npmjs.org/nanoid/-/nanoid-2.1.1.tgz",
      "integrity": "sha512-0YbJdaL4JFoejIOoawgLcYValFGJ2iyUuVDIWL3g8Es87SSOWFbWdRUMV3VMSiyPs3SQ3QxCIxFX00q5DLkMCw=="
    },
    "punycode": {
      "version": "2.1.1",
      "resolved": "https://registry.npmjs.org/punycode/-/punycode-2.1.1.tgz",
      "integrity": "sha512-XRsRjdf+j5ml+y/6GKHPZbrF/8p2Yga0JPtdqTIY2Xe5ohJPD9saDJJLPvp9+NSBprVvevdXZybnj2cv8OEd0A=="
    },
    "quasar": {
      "version": "1.1.2",
      "resolved": "https://registry.npmjs.org/quasar/-/quasar-1.1.2.tgz",
      "integrity": "sha512-XBfrrRi75IAcwCq12pbabjvqgnd5Bl5I9humQwDjQoyZYrJ/1z3pekpvns2miZQZV2KEehL1ojpE+b8oQeoMPQ=="
    },
    "sortablejs": {
      "version": "1.10.0",
      "resolved": "https://registry.npmjs.org/sortablejs/-/sortablejs-1.10.0.tgz",
      "integrity": "sha512-+e0YakK1BxgEZpf9l9UiFaiQ8ZOBn1p/4qkkXr8QDVmYyCrUDTyDRRGm0AgW4E4cD0wtgxJ6yzIRkSPUwqhuhg=="
    },
    "uri-js": {
      "version": "4.2.2",
      "resolved": "https://registry.npmjs.org/uri-js/-/uri-js-4.2.2.tgz",
      "integrity": "sha512-KY9Frmirql91X2Qgjry0Wd4Y+YTdrdZheS8TFwvkbLWf/G5KNJDCh6pKL5OZctEW4+0Baa5idK2ZQuELRwPznQ==",
      "requires": {
        "punycode": "^2.1.0"
      }
    },
    "vuedraggable": {
      "version": "2.23.0",
      "resolved": "https://registry.npmjs.org/vuedraggable/-/vuedraggable-2.23.0.tgz",
      "integrity": "sha512-RgdH16k43WNoxyRcv/OarB/DZh9SY5TYthk9TS4YiHXpelD1DytEG0phLAXiXx5EhsmdH8ltSWxklGa4g1WTCw==",
      "requires": {
        "sortablejs": "^1.9.0"
      }
    }
  }
}
