{
  "name": "example",
  "version": "1.0.0",
  "lockfileVersion": 1,
  "requires": true,
  "dependencies": {
    "@getsedona/nuxt-admin-module": {
      "version": "file:..",
      "requires": {
        "ajv": "^6.10.2",
        "lodash": "^4.17.15",
        "nanoid": "^2.1.1",
        "quasar": "^1.1.2",
        "vuedraggable": "^2.23.1"
      }
    }
  }
}
